{
  "name": "pizza-alexa-skill",
  "version": "1.0.0",
  "lockfileVersion": 2,
  "requires": true,
  "packages": {
    "": {
      "name": "pizza-alexa-skill",
      "version": "1.0.0",
      "license": "MIT",
      "dependencies": {
        "alexa-message-builder": "^1.2.0"
      }
    },
    "node_modules/alexa-message-builder": {
      "version": "1.2.0",
      "license": "MIT"
    }
  },
  "dependencies": {
    "alexa-message-builder": {
      "version": "1.2.0"
    }
  }
}
